Microsoft Visual Studio Solution File, Format Version 12.00
# Visual Studio 14
Project("{8BC9CEB8-8B4A-11D0-8D11-00A0C91BC942}") = "ALL_BUILD", "ALL_BUILD.vcxproj", "{1657516F-74D8-3CA5-8E54-E947CCCAF162}"
	ProjectSection(ProjectDependencies) = postProject
		{DAAB58BD-1A59-3D6E-B72E-EDF168E2AB3B} = {DAAB58BD-1A59-3D6E-B72E-EDF168E2AB3B}
		{6403A109-5B3D-3604-A84A-30A6C05FF4D3} = {6403A109-5B3D-3604-A84A-30A6C05FF4D3}
		{59721718-A7D6-3898-97E1-9EEABEABC046} = {59721718-A7D6-3898-97E1-9EEABEABC046}
	EndProjectSection
EndProject
Project("{8BC9CEB8-8B4A-11D0-8D11-00A0C91BC942}") = "Gaveshak", "Gaveshak.vcxproj", "{DAAB58BD-1A59-3D6E-B72E-EDF168E2AB3B}"
	ProjectSection(ProjectDependencies) = postProject
		{59721718-A7D6-3898-97E1-9EEABEABC046} = {59721718-A7D6-3898-97E1-9EEABEABC046}
	EndProjectSection
EndProject
Project("{8BC9CEB8-8B4A-11D0-8D11-00A0C91BC942}") = "OpenCL_Use", "MultiThreadingFW\OpenCL_Use.m\OpenCL_Use.vcxproj", "{6403A109-5B3D-3604-A84A-30A6C05FF4D3}"
	ProjectSection(ProjectDependencies) = postProject
		{59721718-A7D6-3898-97E1-9EEABEABC046} = {59721718-A7D6-3898-97E1-9EEABEABC046}
	EndProjectSection
EndProject
Project("{8BC9CEB8-8B4A-11D0-8D11-00A0C91BC942}") = "ZERO_CHECK", "ZERO_CHECK.vcxproj", "{59721718-A7D6-3898-97E1-9EEABEABC046}"
	ProjectSection(ProjectDependencies) = postProject
	EndProjectSection
EndProject
Global
	GlobalSection(SolutionConfigurationPlatforms) = preSolution
		Debug|Win32 = Debug|Win32
		Release|Win32 = Release|Win32
		MinSizeRel|Win32 = MinSizeRel|Win32
		RelWithDebInfo|Win32 = RelWithDebInfo|Win32
	EndGlobalSection
	GlobalSection(ProjectConfigurationPlatforms) = postSolution
		{1657516F-74D8-3CA5-8E54-E947CCCAF162}.Debug|Win32.ActiveCfg = Debug|Win32
		{1657516F-74D8-3CA5-8E54-E947CCCAF162}.Release|Win32.ActiveCfg = Release|Win32
		{1657516F-74D8-3CA5-8E54-E947CCCAF162}.MinSizeRel|Win32.ActiveCfg = MinSizeRel|Win32
		{1657516F-74D8-3CA5-8E54-E947CCCAF162}.RelWithDebInfo|Win32.ActiveCfg = RelWithDebInfo|Win32
		{DAAB58BD-1A59-3D6E-B72E-EDF168E2AB3B}.Debug|Win32.ActiveCfg = Debug|Win32
		{DAAB58BD-1A59-3D6E-B72E-EDF168E2AB3B}.Debug|Win32.Build.0 = Debug|Win32
		{DAAB58BD-1A59-3D6E-B72E-EDF168E2AB3B}.Release|Win32.ActiveCfg = Release|Win32
		{DAAB58BD-1A59-3D6E-B72E-EDF168E2AB3B}.Release|Win32.Build.0 = Release|Win32
		{DAAB58BD-1A59-3D6E-B72E-EDF168E2AB3B}.MinSizeRel|Win32.ActiveCfg = MinSizeRel|Win32
		{DAAB58BD-1A59-3D6E-B72E-EDF168E2AB3B}.MinSizeRel|Win32.Build.0 = MinSizeRel|Win32
		{DAAB58BD-1A59-3D6E-B72E-EDF168E2AB3B}.RelWithDebInfo|Win32.ActiveCfg = RelWithDebInfo|Win32
		{DAAB58BD-1A59-3D6E-B72E-EDF168E2AB3B}.RelWithDebInfo|Win32.Build.0 = RelWithDebInfo|Win32
		{6403A109-5B3D-3604-A84A-30A6C05FF4D3}.Debug|Win32.ActiveCfg = Debug|Win32
		{6403A109-5B3D-3604-A84A-30A6C05FF4D3}.Debug|Win32.Build.0 = Debug|Win32
		{6403A109-5B3D-3604-A84A-30A6C05FF4D3}.Release|Win32.ActiveCfg = Release|Win32
		{6403A109-5B3D-3604-A84A-30A6C05FF4D3}.Release|Win32.Build.0 = Release|Win32
		{6403A109-5B3D-3604-A84A-30A6C05FF4D3}.MinSizeRel|Win32.ActiveCfg = MinSizeRel|Win32
		{6403A109-5B3D-3604-A84A-30A6C05FF4D3}.MinSizeRel|Win32.Build.0 = MinSizeRel|Win32
		{6403A109-5B3D-3604-A84A-30A6C05FF4D3}.RelWithDebInfo|Win32.ActiveCfg = RelWithDebInfo|Win32
		{6403A109-5B3D-3604-A84A-30A6C05FF4D3}.RelWithDebInfo|Win32.Build.0 = RelWithDebInfo|Win32
		{59721718-A7D6-3898-97E1-9EEABEABC046}.Debug|Win32.ActiveCfg = Debug|Win32
		{59721718-A7D6-3898-97E1-9EEABEABC046}.Debug|Win32.Build.0 = Debug|Win32
		{59721718-A7D6-3898-97E1-9EEABEABC046}.Release|Win32.ActiveCfg = Release|Win32
		{59721718-A7D6-3898-97E1-9EEABEABC046}.Release|Win32.Build.0 = Release|Win32
		{59721718-A7D6-3898-97E1-9EEABEABC046}.MinSizeRel|Win32.ActiveCfg = MinSizeRel|Win32
		{59721718-A7D6-3898-97E1-9EEABEABC046}.MinSizeRel|Win32.Build.0 = MinSizeRel|Win32
		{59721718-A7D6-3898-97E1-9EEABEABC046}.RelWithDebInfo|Win32.ActiveCfg = RelWithDebInfo|Win32
		{59721718-A7D6-3898-97E1-9EEABEABC046}.RelWithDebInfo|Win32.Build.0 = RelWithDebInfo|Win32
	EndGlobalSection
	GlobalSection(ExtensibilityGlobals) = postSolution
	EndGlobalSection
	GlobalSection(ExtensibilityAddIns) = postSolution
	EndGlobalSection
EndGlobal
